{
  "name": "backend",
  "version": "1.0.0",
  "lockfileVersion": 3,
  "requires": true,
  "packages": {
    "": {
      "name": "backend",
      "version": "1.0.0",
      "license": "ISC",
      "dependencies": {
        "@aws-sdk/client-ecs": "^3.787.0",
        "@aws-sdk/client-s3": "^3.787.0",
        "@aws-sdk/client-sqs": "^3.787.0",
        "@aws-sdk/s3-request-presigner": "^3.787.0",
        "@types/express": "^5.0.1",
        "aws-lambda": "^1.0.7",
        "dockerode": "^4.0.5",
        "dotenv": "^16.5.0",
        "nodemon": "^3.1.9"
      },
      "devDependencies": {
        "@types/dockerode": "^3.3.37",
        "@types/node": "^22.14.1"
      }
    },
    "../../node_modules/.pnpm/@aws-sdk+client-ecs@3.787.0/node_modules/@aws-sdk/client-ecs": {
      "version": "3.787.0",
      "license": "Apache-2.0",
      "dependencies": {
        "@aws-crypto/sha256-browser": "5.2.0",
        "@aws-crypto/sha256-js": "5.2.0",
        "@aws-sdk/core": "3.775.0",
        "@aws-sdk/credential-provider-node": "3.787.0",
        "@aws-sdk/middleware-host-header": "3.775.0",
        "@aws-sdk/middleware-logger": "3.775.0",
        "@aws-sdk/middleware-recursion-detection": "3.775.0",
        "@aws-sdk/middleware-user-agent": "3.787.0",
        "@aws-sdk/region-config-resolver": "3.775.0",
        "@aws-sdk/types": "3.775.0",
        "@aws-sdk/util-endpoints": "3.787.0",
        "@aws-sdk/util-user-agent-browser": "3.775.0",
        "@aws-sdk/util-user-agent-node": "3.787.0",
        "@smithy/config-resolver": "^4.1.0",
        "@smithy/core": "^3.2.0",
        "@smithy/fetch-http-handler": "^5.0.2",
        "@smithy/hash-node": "^4.0.2",
        "@smithy/invalid-dependency": "^4.0.2",
        "@smithy/middleware-content-length": "^4.0.2",
        "@smithy/middleware-endpoint": "^4.1.0",
        "@smithy/middleware-retry": "^4.1.0",
        "@smithy/middleware-serde": "^4.0.3",
        "@smithy/middleware-stack": "^4.0.2",
        "@smithy/node-config-provider": "^4.0.2",
        "@smithy/node-http-handler": "^4.0.4",
        "@smithy/protocol-http": "^5.1.0",
        "@smithy/smithy-client": "^4.2.0",
        "@smithy/types": "^4.2.0",
        "@smithy/url-parser": "^4.0.2",
        "@smithy/util-base64": "^4.0.0",
        "@smithy/util-body-length-browser": "^4.0.0",
        "@smithy/util-body-length-node": "^4.0.0",
        "@smithy/util-defaults-mode-browser": "^4.0.8",
        "@smithy/util-defaults-mode-node": "^4.0.8",
        "@smithy/util-endpoints": "^3.0.2",
        "@smithy/util-middleware": "^4.0.2",
        "@smithy/util-retry": "^4.0.2",
        "@smithy/util-utf8": "^4.0.0",
        "@smithy/util-waiter": "^4.0.3",
        "@types/uuid": "^9.0.1",
        "tslib": "^2.6.2",
        "uuid": "^9.0.1"
      },
      "devDependencies": {
        "@tsconfig/node18": "18.2.4",
        "@types/node": "^18.19.69",
        "concurrently": "7.0.0",
        "downlevel-dts": "0.10.1",
        "rimraf": "3.0.2",
        "typescript": "~5.2.2"
      },
      "engines": {
        "node": ">=18.0.0"
      }
    },
    "../../node_modules/.pnpm/@aws-sdk+client-s3@3.787.0/node_modules/@aws-sdk/client-s3": {
      "version": "3.787.0",
      "license": "Apache-2.0",
      "dependencies": {
        "@aws-crypto/sha1-browser": "5.2.0",
        "@aws-crypto/sha256-browser": "5.2.0",
        "@aws-crypto/sha256-js": "5.2.0",
        "@aws-sdk/core": "3.775.0",
        "@aws-sdk/credential-provider-node": "3.787.0",
        "@aws-sdk/middleware-bucket-endpoint": "3.775.0",
        "@aws-sdk/middleware-expect-continue": "3.775.0",
        "@aws-sdk/middleware-flexible-checksums": "3.787.0",
        "@aws-sdk/middleware-host-header": "3.775.0",
        "@aws-sdk/middleware-location-constraint": "3.775.0",
        "@aws-sdk/middleware-logger": "3.775.0",
        "@aws-sdk/middleware-recursion-detection": "3.775.0",
        "@aws-sdk/middleware-sdk-s3": "3.775.0",
        "@aws-sdk/middleware-ssec": "3.775.0",
        "@aws-sdk/middleware-user-agent": "3.787.0",
        "@aws-sdk/region-config-resolver": "3.775.0",
        "@aws-sdk/signature-v4-multi-region": "3.775.0",
        "@aws-sdk/types": "3.775.0",
        "@aws-sdk/util-endpoints": "3.787.0",
        "@aws-sdk/util-user-agent-browser": "3.775.0",
        "@aws-sdk/util-user-agent-node": "3.787.0",
        "@aws-sdk/xml-builder": "3.775.0",
        "@smithy/config-resolver": "^4.1.0",
        "@smithy/core": "^3.2.0",
        "@smithy/eventstream-serde-browser": "^4.0.2",
        "@smithy/eventstream-serde-config-resolver": "^4.1.0",
        "@smithy/eventstream-serde-node": "^4.0.2",
        "@smithy/fetch-http-handler": "^5.0.2",
        "@smithy/hash-blob-browser": "^4.0.2",
        "@smithy/hash-node": "^4.0.2",
        "@smithy/hash-stream-node": "^4.0.2",
        "@smithy/invalid-dependency": "^4.0.2",
        "@smithy/md5-js": "^4.0.2",
        "@smithy/middleware-content-length": "^4.0.2",
        "@smithy/middleware-endpoint": "^4.1.0",
        "@smithy/middleware-retry": "^4.1.0",
        "@smithy/middleware-serde": "^4.0.3",
        "@smithy/middleware-stack": "^4.0.2",
        "@smithy/node-config-provider": "^4.0.2",
        "@smithy/node-http-handler": "^4.0.4",
        "@smithy/protocol-http": "^5.1.0",
        "@smithy/smithy-client": "^4.2.0",
        "@smithy/types": "^4.2.0",
        "@smithy/url-parser": "^4.0.2",
        "@smithy/util-base64": "^4.0.0",
        "@smithy/util-body-length-browser": "^4.0.0",
        "@smithy/util-body-length-node": "^4.0.0",
        "@smithy/util-defaults-mode-browser": "^4.0.8",
        "@smithy/util-defaults-mode-node": "^4.0.8",
        "@smithy/util-endpoints": "^3.0.2",
        "@smithy/util-middleware": "^4.0.2",
        "@smithy/util-retry": "^4.0.2",
        "@smithy/util-stream": "^4.2.0",
        "@smithy/util-utf8": "^4.0.0",
        "@smithy/util-waiter": "^4.0.3",
        "tslib": "^2.6.2"
      },
      "devDependencies": {
        "@aws-sdk/signature-v4-crt": "3.787.0",
        "@tsconfig/node18": "18.2.4",
        "@types/node": "^18.19.69",
        "concurrently": "7.0.0",
        "downlevel-dts": "0.10.1",
        "rimraf": "3.0.2",
        "typescript": "~5.2.2"
      },
      "engines": {
        "node": ">=18.0.0"
      }
    },
    "../../node_modules/.pnpm/@aws-sdk+client-sqs@3.787.0/node_modules/@aws-sdk/client-sqs": {
      "version": "3.787.0",
      "license": "Apache-2.0",
      "dependencies": {
        "@aws-crypto/sha256-browser": "5.2.0",
        "@aws-crypto/sha256-js": "5.2.0",
        "@aws-sdk/core": "3.775.0",
        "@aws-sdk/credential-provider-node": "3.787.0",
        "@aws-sdk/middleware-host-header": "3.775.0",
        "@aws-sdk/middleware-logger": "3.775.0",
        "@aws-sdk/middleware-recursion-detection": "3.775.0",
        "@aws-sdk/middleware-sdk-sqs": "3.775.0",
        "@aws-sdk/middleware-user-agent": "3.787.0",
        "@aws-sdk/region-config-resolver": "3.775.0",
        "@aws-sdk/types": "3.775.0",
        "@aws-sdk/util-endpoints": "3.787.0",
        "@aws-sdk/util-user-agent-browser": "3.775.0",
        "@aws-sdk/util-user-agent-node": "3.787.0",
        "@smithy/config-resolver": "^4.1.0",
        "@smithy/core": "^3.2.0",
        "@smithy/fetch-http-handler": "^5.0.2",
        "@smithy/hash-node": "^4.0.2",
        "@smithy/invalid-dependency": "^4.0.2",
        "@smithy/md5-js": "^4.0.2",
        "@smithy/middleware-content-length": "^4.0.2",
        "@smithy/middleware-endpoint": "^4.1.0",
        "@smithy/middleware-retry": "^4.1.0",
        "@smithy/middleware-serde": "^4.0.3",
        "@smithy/middleware-stack": "^4.0.2",
        "@smithy/node-config-provider": "^4.0.2",
        "@smithy/node-http-handler": "^4.0.4",
        "@smithy/protocol-http": "^5.1.0",
        "@smithy/smithy-client": "^4.2.0",
        "@smithy/types": "^4.2.0",
        "@smithy/url-parser": "^4.0.2",
        "@smithy/util-base64": "^4.0.0",
        "@smithy/util-body-length-browser": "^4.0.0",
        "@smithy/util-body-length-node": "^4.0.0",
        "@smithy/util-defaults-mode-browser": "^4.0.8",
        "@smithy/util-defaults-mode-node": "^4.0.8",
        "@smithy/util-endpoints": "^3.0.2",
        "@smithy/util-middleware": "^4.0.2",
        "@smithy/util-retry": "^4.0.2",
        "@smithy/util-utf8": "^4.0.0",
        "tslib": "^2.6.2"
      },
      "devDependencies": {
        "@tsconfig/node18": "18.2.4",
        "@types/node": "^18.19.69",
        "concurrently": "7.0.0",
        "downlevel-dts": "0.10.1",
        "rimraf": "3.0.2",
        "typescript": "~5.2.2"
      },
      "engines": {
        "node": ">=18.0.0"
      }
    },
    "../../node_modules/.pnpm/@aws-sdk+s3-request-presigner@3.787.0/node_modules/@aws-sdk/s3-request-presigner": {
      "version": "3.787.0",
      "license": "Apache-2.0",
      "dependencies": {
        "@aws-sdk/signature-v4-multi-region": "3.775.0",
        "@aws-sdk/types": "3.775.0",
        "@aws-sdk/util-format-url": "3.775.0",
        "@smithy/middleware-endpoint": "^4.1.0",
        "@smithy/protocol-http": "^5.1.0",
        "@smithy/smithy-client": "^4.2.0",
        "@smithy/types": "^4.2.0",
        "tslib": "^2.6.2"
      },
      "devDependencies": {
        "@aws-sdk/client-s3": "3.787.0",
        "@smithy/hash-node": "^4.0.2",
        "@tsconfig/recommended": "1.0.1",
        "@types/node": "^18.19.69",
        "concurrently": "7.0.0",
        "downlevel-dts": "0.10.1",
        "rimraf": "3.0.2",
        "typescript": "~5.2.2"
      },
      "engines": {
        "node": ">=18.0.0"
      }
    },
    "../../node_modules/.pnpm/@types+dockerode@3.3.37/node_modules/@types/dockerode": {
      "version": "3.3.37",
      "dev": true,
      "license": "MIT",
      "dependencies": {
        "@types/docker-modem": "*",
        "@types/node": "*",
        "@types/ssh2": "*"
      }
    },
    "../../node_modules/.pnpm/@types+express@5.0.1/node_modules/@types/express": {
      "version": "5.0.1",
      "license": "MIT",
      "dependencies": {
        "@types/body-parser": "*",
        "@types/express-serve-static-core": "^5.0.0",
        "@types/serve-static": "*"
      }
    },
    "../../node_modules/.pnpm/aws-lambda@1.0.7/node_modules/aws-lambda": {
      "version": "1.0.7",
      "license": "MIT",
      "dependencies": {
        "aws-sdk": "^2.814.0",
        "commander": "^3.0.2",
        "js-yaml": "^3.14.1",
        "watchpack": "^2.0.0-beta.10"
      },
      "bin": {
        "lambda": "bin/lambda"
      },
      "devDependencies": {
        "eslint": "^8.2.0",
        "mocha": "^9.1.3"
      }
    },
    "../../node_modules/.pnpm/dockerode@4.0.5/node_modules/dockerode": {
      "version": "4.0.5",
      "license": "Apache-2.0",
      "dependencies": {
        "@balena/dockerignore": "^1.0.2",
        "@grpc/grpc-js": "^1.11.1",
        "@grpc/proto-loader": "^0.7.13",
        "docker-modem": "^5.0.6",
        "protobufjs": "^7.3.2",
        "tar-fs": "~2.1.2",
        "uuid": "^10.0.0"
      },
      "devDependencies": {
        "bluebird": "^3.7.0",
        "chai": "~4.2.0",
        "memorystream": "~0.3.0",
        "mocha": "^10.2.0"
      },
      "engines": {
        "node": ">= 8.0"
      }
    },
    "../../node_modules/.pnpm/dotenv@16.5.0/node_modules/dotenv": {
      "version": "16.5.0",
      "license": "BSD-2-Clause",
      "devDependencies": {
        "@types/node": "^18.11.3",
        "decache": "^4.6.2",
        "sinon": "^14.0.1",
        "standard": "^17.0.0",
        "standard-version": "^9.5.0",
        "tap": "^19.2.0",
        "typescript": "^4.8.4"
      },
      "engines": {
        "node": ">=12"
      },
      "funding": {
        "url": "https://dotenvx.com"
      }
    },
    "../../node_modules/.pnpm/nodemon@3.1.9/node_modules/nodemon": {
      "version": "3.1.9",
      "license": "MIT",
      "dependencies": {
        "chokidar": "^3.5.2",
        "debug": "^4",
        "ignore-by-default": "^1.0.1",
        "minimatch": "^3.1.2",
        "pstree.remy": "^1.1.8",
        "semver": "^7.5.3",
        "simple-update-notifier": "^2.0.0",
        "supports-color": "^5.5.0",
        "touch": "^3.1.0",
        "undefsafe": "^2.0.5"
      },
      "bin": {
        "nodemon": "bin/nodemon.js"
      },
      "devDependencies": {
        "@commitlint/cli": "^11.0.0",
        "@commitlint/config-conventional": "^11.0.0",
        "async": "1.4.2",
        "coffee-script": "~1.7.1",
        "eslint": "^7.32.0",
        "husky": "^7.0.4",
        "mocha": "^2.5.3",
        "nyc": "^15.1.0",
        "proxyquire": "^1.8.0",
        "semantic-release": "^18.0.0",
        "should": "~4.0.0"
      },
      "engines": {
        "node": ">=10"
      },
      "funding": {
        "type": "opencollective",
        "url": "https://opencollective.com/nodemon"
      }
    },
    "node_modules/@aws-sdk/client-ecs": {
      "resolved": "../../node_modules/.pnpm/@aws-sdk+client-ecs@3.787.0/node_modules/@aws-sdk/client-ecs",
      "link": true
    },
    "node_modules/@aws-sdk/client-s3": {
      "resolved": "../../node_modules/.pnpm/@aws-sdk+client-s3@3.787.0/node_modules/@aws-sdk/client-s3",
      "link": true
    },
    "node_modules/@aws-sdk/client-sqs": {
      "resolved": "../../node_modules/.pnpm/@aws-sdk+client-sqs@3.787.0/node_modules/@aws-sdk/client-sqs",
      "link": true
    },
    "node_modules/@aws-sdk/s3-request-presigner": {
      "resolved": "../../node_modules/.pnpm/@aws-sdk+s3-request-presigner@3.787.0/node_modules/@aws-sdk/s3-request-presigner",
      "link": true
    },
    "node_modules/@types/dockerode": {
      "resolved": "../../node_modules/.pnpm/@types+dockerode@3.3.37/node_modules/@types/dockerode",
      "link": true
    },
    "node_modules/@types/express": {
      "resolved": "../../node_modules/.pnpm/@types+express@5.0.1/node_modules/@types/express",
      "link": true
    },
    "node_modules/@types/node": {
      "version": "22.14.1",
      "resolved": "https://registry.npmjs.org/@types/node/-/node-22.14.1.tgz",
      "integrity": "sha512-u0HuPQwe/dHrItgHHpmw3N2fYCR6x4ivMNbPHRkBVP4CvN+kiRrKHWk3i8tXiO/joPwXLMYvF9TTF0eqgHIuOw==",
      "dev": true,
      "license": "MIT",
      "dependencies": {
        "undici-types": "~6.21.0"
      }
    },
    "node_modules/aws-lambda": {
      "resolved": "../../node_modules/.pnpm/aws-lambda@1.0.7/node_modules/aws-lambda",
      "link": true
    },
    "node_modules/dockerode": {
      "resolved": "../../node_modules/.pnpm/dockerode@4.0.5/node_modules/dockerode",
      "link": true
    },
    "node_modules/dotenv": {
      "resolved": "../../node_modules/.pnpm/dotenv@16.5.0/node_modules/dotenv",
      "link": true
    },
    "node_modules/nodemon": {
      "resolved": "../../node_modules/.pnpm/nodemon@3.1.9/node_modules/nodemon",
      "link": true
    },
    "node_modules/undici-types": {
      "version": "6.21.0",
      "resolved": "https://registry.npmjs.org/undici-types/-/undici-types-6.21.0.tgz",
      "integrity": "sha512-iwDZqg0QAGrg9Rav5H4n0M64c3mkR59cJ6wQp+7C4nI0gsmExaedaYLNO44eT4AtBBwjbTiGPMlt2Md0T9H9JQ==",
      "dev": true,
      "license": "MIT"
    }
  }
}
